// !$*UTF8*$!
{
	archiveVersion = 1;
	classes = {
	};
	objectVersion = 50;
	objects = {

/* Begin PBXBuildFile section */
		807BD13424601A03007A0D34 /* AppDelegate.swift in Sources */ = {isa = PBXBuildFile; fileRef = 807BD13324601A03007A0D34 /* AppDelegate.swift */; };
		807BD13624601A03007A0D34 /* ContentView.swift in Sources */ = {isa = PBXBuildFile; fileRef = 807BD13524601A03007A0D34 /* ContentView.swift */; };
		807BD13824601A0D007A0D34 /* Assets.xcassets in Resources */ = {isa = PBXBuildFile; fileRef = 807BD13724601A0D007A0D34 /* Assets.xcassets */; };
		807BD13B24601A0D007A0D34 /* Preview Assets.xcassets in Resources */ = {isa = PBXBuildFile; fileRef = 807BD13A24601A0D007A0D34 /* Preview Assets.xcassets */; };
		807BD13E24601A0E007A0D34 /* Main.storyboard in Resources */ = {isa = PBXBuildFile; fileRef = 807BD13C24601A0E007A0D34 /* Main.storyboard */; };
		809F408C247515300035613B /* AsyncImage.swift in Sources */ = {isa = PBXBuildFile; fileRef = 809F408B247515300035613B /* AsyncImage.swift */; };
		809F4092247521530035613B /* ComicImageLoader.swift in Sources */ = {isa = PBXBuildFile; fileRef = 809F4091247521530035613B /* ComicImageLoader.swift */; };
		80D6535D246EA7070070E3BC /* ComicView.swift in Sources */ = {isa = PBXBuildFile; fileRef = 80D6535C246EA7070070E3BC /* ComicView.swift */; };
/* End PBXBuildFile section */

/* Begin PBXFileReference section */
		807BD13024601A03007A0D34 /* xkcd-viewer.app */ = {isa = PBXFileReference; explicitFileType = wrapper.application; includeInIndex = 0; path = "xkcd-viewer.app"; sourceTree = BUILT_PRODUCTS_DIR; };
		807BD13324601A03007A0D34 /* AppDelegate.swift */ = {isa = PBXFileReference; lastKnownFileType = sourcecode.swift; path = AppDelegate.swift; sourceTree = "<group>"; };
		807BD13524601A03007A0D34 /* ContentView.swift */ = {isa = PBXFileReference; lastKnownFileType = sourcecode.swift; path = ContentView.swift; sourceTree = "<group>"; };
		807BD13724601A0D007A0D34 /* Assets.xcassets */ = {isa = PBXFileReference; lastKnownFileType = folder.assetcatalog; path = Assets.xcassets; sourceTree = "<group>"; };
		807BD13A24601A0D007A0D34 /* Preview Assets.xcassets */ = {isa = PBXFileReference; lastKnownFileType = folder.assetcatalog; path = "Preview Assets.xcassets"; sourceTree = "<group>"; };
		807BD13D24601A0E007A0D34 /* Base */ = {isa = PBXFileReference; lastKnownFileType = file.storyboard; name = Base; path = Base.lproj/Main.storyboard; sourceTree = "<group>"; };
		807BD13F24601A0E007A0D34 /* Info.plist */ = {isa = PBXFileReference; lastKnownFileType = text.plist.xml; path = Info.plist; sourceTree = "<group>"; };
		807BD14024601A0E007A0D34 /* xkcd_viewer.entitlements */ = {isa = PBXFileReference; lastKnownFileType = text.plist.entitlements; path = xkcd_viewer.entitlements; sourceTree = "<group>"; };
		809F408B247515300035613B /* AsyncImage.swift */ = {isa = PBXFileReference; lastKnownFileType = sourcecode.swift; path = AsyncImage.swift; sourceTree = "<group>"; };
		809F4091247521530035613B /* ComicImageLoader.swift */ = {isa = PBXFileReference; lastKnownFileType = sourcecode.swift; path = ComicImageLoader.swift; sourceTree = "<group>"; };
		80D6535C246EA7070070E3BC /* ComicView.swift */ = {isa = PBXFileReference; lastKnownFileType = sourcecode.swift; path = ComicView.swift; sourceTree = "<group>"; };
/* End PBXFileReference section */

/* Begin PBXFrameworksBuildPhase section */
		807BD12D24601A03007A0D34 /* Frameworks */ = {
			isa = PBXFrameworksBuildPhase;
			buildActionMask = 2147483647;
			files = (
			);
			runOnlyForDeploymentPostprocessing = 0;
		};
/* End PBXFrameworksBuildPhase section */

/* Begin PBXGroup section */
		807BD12724601A03007A0D34 = {
			isa = PBXGroup;
			children = (
				807BD13224601A03007A0D34 /* xkcd-viewer */,
				807BD13124601A03007A0D34 /* Products */,
			);
			sourceTree = "<group>";
		};
		807BD13124601A03007A0D34 /* Products */ = {
			isa = PBXGroup;
			children = (
				807BD13024601A03007A0D34 /* xkcd-viewer.app */,
			);
			name = Products;
			sourceTree = "<group>";
		};
		807BD13224601A03007A0D34 /* xkcd-viewer */ = {
			isa = PBXGroup;
			children = (
				807BD13324601A03007A0D34 /* AppDelegate.swift */,
				809F4091247521530035613B /* ComicImageLoader.swift */,
				809F408B247515300035613B /* AsyncImage.swift */,
				80D6535C246EA7070070E3BC /* ComicView.swift */,
				807BD13524601A03007A0D34 /* ContentView.swift */,
				807BD13724601A0D007A0D34 /* Assets.xcassets */,
				807BD13C24601A0E007A0D34 /* Main.storyboard */,
				807BD13F24601A0E007A0D34 /* Info.plist */,
				807BD14024601A0E007A0D34 /* xkcd_viewer.entitlements */,
				807BD13924601A0D007A0D34 /* Preview Content */,
			);
			path = "xkcd-viewer";
			sourceTree = "<group>";
		};
		807BD13924601A0D007A0D34 /* Preview Content */ = {
			isa = PBXGroup;
			children = (
				807BD13A24601A0D007A0D34 /* Preview Assets.xcassets */,
			);
			path = "Preview Content";
			sourceTree = "<group>";
		};
/* End PBXGroup section */

/* Begin PBXNativeTarget section */
		807BD12F24601A03007A0D34 /* xkcd-viewer */ = {
			isa = PBXNativeTarget;
			buildConfigurationList = 807BD14324601A0E007A0D34 /* Build configuration list for PBXNativeTarget "xkcd-viewer" */;
			buildPhases = (
				807BD12C24601A03007A0D34 /* Sources */,
				807BD12D24601A03007A0D34 /* Frameworks */,
				807BD12E24601A03007A0D34 /* Resources */,
			);
			buildRules = (
			);
			dependencies = (
			);
			name = "xkcd-viewer";
			productName = "xkcd-viewer";
			productReference = 807BD13024601A03007A0D34 /* xkcd-viewer.app */;
			productType = "com.apple.product-type.application";
		};
/* End PBXNativeTarget section */

/* Begin PBXProject section */
		807BD12824601A03007A0D34 /* Project object */ = {
			isa = PBXProject;
			attributes = {
				LastSwiftUpdateCheck = 1130;
				LastUpgradeCheck = 1130;
				ORGANIZATIONNAME = kassouni;
				TargetAttributes = {
					807BD12F24601A03007A0D34 = {
						CreatedOnToolsVersion = 11.3.1;
					};
				};
			};
			buildConfigurationList = 807BD12B24601A03007A0D34 /* Build configuration list for PBXProject "xkcd-viewer" */;
			compatibilityVersion = "Xcode 9.3";
			developmentRegion = en;
			hasScannedForEncodings = 0;
			knownRegions = (
				en,
				Base,
			);
			mainGroup = 807BD12724601A03007A0D34;
			productRefGroup = 807BD13124601A03007A0D34 /* Products */;
			projectDirPath = "";
			projectRoot = "";
			targets = (
				807BD12F24601A03007A0D34 /* xkcd-viewer */,
			);
		};
/* End PBXProject section */

/* Begin PBXResourcesBuildPhase section */
		807BD12E24601A03007A0D34 /* Resources */ = {
			isa = PBXResourcesBuildPhase;
			buildActionMask = 2147483647;
			files = (
				807BD13E24601A0E007A0D34 /* Main.storyboard in Resources */,
				807BD13B24601A0D007A0D34 /* Preview Assets.xcassets in Resources */,
				807BD13824601A0D007A0D34 /* Assets.xcassets in Resources */,
			);
			runOnlyForDeploymentPostprocessing = 0;
		};
/* End PBXResourcesBuildPhase section */

/* Begin PBXSourcesBuildPhase section */
		807BD12C24601A03007A0D34 /* Sources */ = {
			isa = PBXSourcesBuildPhase;
			buildActionMask = 2147483647;
			files = (
				80D6535D246EA7070070E3BC /* ComicView.swift in Sources */,
				807BD13624601A03007A0D34 /* ContentView.swift in Sources */,
				809F408C247515300035613B /* AsyncImage.swift in Sources */,
				807BD13424601A03007A0D34 /* AppDelegate.swift in Sources */,
				809F4092247521530035613B /* ComicImageLoader.swift in Sources */,
			);
			runOnlyForDeploymentPostprocessing = 0;
		};
/* End PBXSourcesBuildPhase section */

/* Begin PBXVariantGroup section */
		807BD13C24601A0E007A0D34 /* Main.storyboard */ = {
			isa = PBXVariantGroup;
			children = (
				807BD13D24601A0E007A0D34 /* Base */,
			);
			name = Main.storyboard;
			sourceTree = "<group>";
		};
/* End PBXVariantGroup section */

/* Begin XCBuildConfiguration section */
		807BD14124601A0E007A0D34 /* Debug */ = {
			isa = XCBuildConfiguration;
			buildSettings = {
				ALWAYS_SEARCH_USER_PATHS = NO;
				CLANG_ANALYZER_NONNULL = YES;
				CLANG_ANALYZER_NUMBER_OBJECT_CONVERSION = YES_AGGRESSIVE;
				CLANG_CXX_LANGUAGE_STANDARD = "gnu++14";
				CLANG_CXX_LIBRARY = "libc++";
				CLANG_ENABLE_MODULES = YES;
				CLANG_ENABLE_OBJC_ARC = YES;
				CLANG_ENABLE_OBJC_WEAK = YES;
				CLANG_WARN_BLOCK_CAPTURE_AUTORELEASING = YES;
				CLANG_WARN_BOOL_CONVERSION = YES;
				CLANG_WARN_COMMA = YES;
				CLANG_WARN_CONSTANT_CONVERSION = YES;
				CLANG_WARN_DEPRECATED_OBJC_IMPLEMENTATIONS = YES;
				CLANG_WARN_DIRECT_OBJC_ISA_USAGE = YES_ERROR;
				CLANG_WARN_DOCUMENTATION_COMMENTS = YES;
				CLANG_WARN_EMPTY_BODY = YES;
				CLANG_WARN_ENUM_CONVERSION = YES;
				CLANG_WARN_INFINITE_RECURSION = YES;
				CLANG_WARN_INT_CONVERSION = YES;
				CLANG_WARN_NON_LITERAL_NULL_CONVERSION = YES;
				CLANG_WARN_OBJC_IMPLICIT_RETAIN_SELF = YES;
				CLANG_WARN_OBJC_LITERAL_CONVERSION = YES;
				CLANG_WARN_OBJC_ROOT_CLASS = YES_ERROR;
				CLANG_WARN_RANGE_LOOP_ANALYSIS = YES;
				CLANG_WARN_STRICT_PROTOTYPES = YES;
				CLANG_WARN_SUSPICIOUS_MOVE = YES;
				CLANG_WARN_UNGUARDED_AVAILABILITY = YES_AGGRESSIVE;
				CLANG_WARN_UNREACHABLE_CODE = YES;
				CLANG_WARN__DUPLICATE_METHOD_MATCH = YES;
				COPY_PHASE_STRIP = NO;
				DEBUG_INFORMATION_FORMAT = dwarf;
				ENABLE_STRICT_OBJC_MSGSEND = YES;
				ENABLE_TESTABILITY = YES;
				GCC_C_LANGUAGE_STANDARD = gnu11;
				GCC_DYNAMIC_NO_PIC = NO;
				GCC_NO_COMMON_BLOCKS = YES;
				GCC_OPTIMIZATION_LEVEL = 0;
				GCC_PREPROCESSOR_DEFINITIONS = (
					"DEBUG=1",
					"$(inherited)",
				);
				GCC_WARN_64_TO_32_BIT_CONVERSION = YES;
				GCC_WARN_ABOUT_RETURN_TYPE = YES_ERROR;
				GCC_WARN_UNDECLARED_SELECTOR = YES;
				GCC_WARN_UNINITIALIZED_AUTOS = YES_AGGRESSIVE;
				GCC_WARN_UNUSED_FUNCTION = YES;
				GCC_WARN_UNUSED_VARIABLE = YES;
				MACOSX_DEPLOYMENT_TARGET = 10.15;
				MTL_ENABLE_DEBUG_INFO = INCLUDE_SOURCE;
				MTL_FAST_MATH = YES;
				ONLY_ACTIVE_ARCH = YES;
				SDKROOT = macosx;
				SWIFT_ACTIVE_COMPILATION_CONDITIONS = DEBUG;
				SWIFT_OPTIMIZATION_LEVEL = "-Onone";
			};
			name = Debug;
		};
		807BD14224601A0E007A0D34 /* Release */ = {
			isa = XCBuildConfiguration;
			buildSettings = {
				ALWAYS_SEARCH_USER_PATHS = NO;
				CLANG_ANALYZER_NONNULL = YES;
				CLANG_ANALYZER_NUMBER_OBJECT_CONVERSION = YES_AGGRESSIVE;
				CLANG_CXX_LANGUAGE_STANDARD = "gnu++14";
				CLANG_CXX_LIBRARY = "libc++";
				CLANG_ENABLE_MODULES = YES;
				CLANG_ENABLE_OBJC_ARC = YES;
				CLANG_ENABLE_OBJC_WEAK = YES;
				CLANG_WARN_BLOCK_CAPTURE_AUTORELEASING = YES;
				CLANG_WARN_BOOL_CONVERSION = YES;
				CLANG_WARN_COMMA = YES;
				CLANG_WARN_CONSTANT_CONVERSION = YES;
				CLANG_WARN_DEPRECATED_OBJC_IMPLEMENTATIONS = YES;
				CLANG_WARN_DIRECT_OBJC_ISA_USAGE = YES_ERROR;
				CLANG_WARN_DOCUMENTATION_COMMENTS = YES;
				CLANG_WARN_EMPTY_BODY = YES;
				CLANG_WARN_ENUM_CONVERSION = YES;
				CLANG_WARN_INFINITE_RECURSION = YES;
				CLANG_WARN_INT_CONVERSION = YES;
				CLANG_WARN_NON_LITERAL_NULL_CONVERSION = YES;
				CLANG_WARN_OBJC_IMPLICIT_RETAIN_SELF = YES;
				CLANG_WARN_OBJC_LITERAL_CONVERSION = YES;
				CLANG_WARN_OBJC_ROOT_CLASS = YES_ERROR;
				CLANG_WARN_RANGE_LOOP_ANALYSIS = YES;
				CLANG_WARN_STRICT_PROTOTYPES = YES;
				CLANG_WARN_SUSPICIOUS_MOVE = YES;
				CLANG_WARN_UNGUARDED_AVAILABILITY = YES_AGGRESSIVE;
				CLANG_WARN_UNREACHABLE_CODE = YES;
				CLANG_WARN__DUPLICATE_METHOD_MATCH = YES;
				COPY_PHASE_STRIP = NO;
				DEBUG_INFORMATION_FORMAT = "dwarf-with-dsym";
				ENABLE_NS_ASSERTIONS = NO;
				ENABLE_STRICT_OBJC_MSGSEND = YES;
				GCC_C_LANGUAGE_STANDARD = gnu11;
				GCC_NO_COMMON_BLOCKS = YES;
				GCC_WARN_64_TO_32_BIT_CONVERSION = YES;
				GCC_WARN_ABOUT_RETURN_TYPE = YES_ERROR;
				GCC_WARN_UNDECLARED_SELECTOR = YES;
				GCC_WARN_UNINITIALIZED_AUTOS = YES_AGGRESSIVE;
				GCC_WARN_UNUSED_FUNCTION = YES;
				GCC_WARN_UNUSED_VARIABLE = YES;
				MACOSX_DEPLOYMENT_TARGET = 10.15;
				MTL_ENABLE_DEBUG_INFO = NO;
				MTL_FAST_MATH = YES;
				SDKROOT = macosx;
				SWIFT_COMPILATION_MODE = wholemodule;
				SWIFT_OPTIMIZATION_LEVEL = "-O";
			};
			name = Release;
		};
		807BD14424601A0E007A0D34 /* Debug */ = {
			isa = XCBuildConfiguration;
			buildSettings = {
				ASSETCATALOG_COMPILER_APPICON_NAME = AppIcon;
				CODE_SIGN_ENTITLEMENTS = "xkcd-viewer/xkcd_viewer.entitlements";
				CODE_SIGN_STYLE = Automatic;
				COMBINE_HIDPI_IMAGES = YES;
				DEVELOPMENT_ASSET_PATHS = "\"xkcd-viewer/Preview Content\"";
				DEVELOPMENT_TEAM = B5PY574762;
				ENABLE_HARDENED_RUNTIME = YES;
				ENABLE_PREVIEWS = YES;
				INFOPLIST_FILE = "xkcd-viewer/Info.plist";
				LD_RUNPATH_SEARCH_PATHS = (
					"$(inherited)",
					"@executable_path/../Frameworks",
				);
				MACOSX_DEPLOYMENT_TARGET = 10.15.3;
				PRODUCT_BUNDLE_IDENTIFIER = "kassouni.xkcd-viewer";
				PRODUCT_NAME = "$(TARGET_NAME)";
				SWIFT_VERSION = 5.0;
			};
			name = Debug;
		};
		807BD14524601A0E007A0D34 /* Release */ = {
			isa = XCBuildConfiguration;
			buildSettings = {
				ASSETCATALOG_COMPILER_APPICON_NAME = AppIcon;
				CODE_SIGN_ENTITLEMENTS = "xkcd-viewer/xkcd_viewer.entitlements";
				CODE_SIGN_STYLE = Automatic;
				COMBINE_HIDPI_IMAGES = YES;
				DEVELOPMENT_ASSET_PATHS = "\"xkcd-viewer/Preview Content\"";
				DEVELOPMENT_TEAM = B5PY574762;
				ENABLE_HARDENED_RUNTIME = YES;
				ENABLE_PREVIEWS = YES;
				INFOPLIST_FILE = "xkcd-viewer/Info.plist";
				LD_RUNPATH_SEARCH_PATHS = (
					"$(inherited)",
					"@executable_path/../Frameworks",
				);
				MACOSX_DEPLOYMENT_TARGET = 10.15.3;
				PRODUCT_BUNDLE_IDENTIFIER = "kassouni.xkcd-viewer";
				PRODUCT_NAME = "$(TARGET_NAME)";
				SWIFT_VERSION = 5.0;
			};
			name = Release;
		};
/* End XCBuildConfiguration section */

/* Begin XCConfigurationList section */
		807BD12B24601A03007A0D34 /* Build configuration list for PBXProject "xkcd-viewer" */ = {
			isa = XCConfigurationList;
			buildConfigurations = (
				807BD14124601A0E007A0D34 /* Debug */,
				807BD14224601A0E007A0D34 /* Release */,
			);
			defaultConfigurationIsVisible = 0;
			defaultConfigurationName = Release;
		};
		807BD14324601A0E007A0D34 /* Build configuration list for PBXNativeTarget "xkcd-viewer" */ = {
			isa = XCConfigurationList;
			buildConfigurations = (
				807BD14424601A0E007A0D34 /* Debug */,
				807BD14524601A0E007A0D34 /* Release */,
			);
			defaultConfigurationIsVisible = 0;
			defaultConfigurationName = Release;
		};
/* End XCConfigurationList section */
	};
	rootObject = 807BD12824601A03007A0D34 /* Project object */;
}
